
Microsoft Visual Studio Solution File, Format Version 12.00
# Visual Studio Version 16
VisualStudioVersion = 16.0.32929.386
MinimumVisualStudioVersion = 10.0.40219.1
Project("{9A19103F-16F7-4668-BE54-9A1E7A4F7556}") = "eTicket", "eTicket\eTicket.csproj", "{CA561B39-0D75-4A8D-88BF-95D8E89F2D8F}"
EndProject
Project("{FAE04EC0-301F-11D3-BF4B-00C04F79EFBC}") = "BulkyBookWeb", "BulkyBookWeb\BulkyBookWeb.csproj", "{D5D7B39A-5809-42B8-80A6-AF3D30547158}"
EndProject
Project("{FAE04EC0-301F-11D3-BF4B-00C04F79EFBC}") = "AbbyWeb", "AbbyWeb\AbbyWeb.csproj", "{8C9831DD-62A8-438F-8996-007EFEE17881}"
EndProject
Project("{FAE04EC0-301F-11D3-BF4B-00C04F79EFBC}") = "BulkyBook.DataAccess", "BulkyBook.DataAccess\BulkyBook.DataAccess.csproj", "{68A80994-AA83-4589-997C-E3BD72E8A927}"
EndProject
Project("{FAE04EC0-301F-11D3-BF4B-00C04F79EFBC}") = "BulkyBook.Models", "BulkyBook.Models\BulkyBook.Models.csproj", "{EC350595-3954-4B46-840B-1B4E5280927E}"
EndProject
Project("{FAE04EC0-301F-11D3-BF4B-00C04F79EFBC}") = "BulkyBook.Utility", "BulkyBook.Utility\BulkyBook.Utility.csproj", "{6AD83EA9-F5BC-4BB2-B7C4-09A142C7323C}"
EndProject
Project("{FAE04EC0-301F-11D3-BF4B-00C04F79EFBC}") = "CandyShop", "CandyShop\CandyShop.csproj", "{69D088AF-E492-4CC0-B52F-87B44CB21F33}"
EndProject
Project("{FAE04EC0-301F-11D3-BF4B-00C04F79EFBC}") = "CandyShop2", "CandyShop2\CandyShop2.csproj", "{7C33AD04-B353-4B8F-975F-398A1A45059D}"
EndProject
Global
	GlobalSection(SolutionConfigurationPlatforms) = preSolution
		Debug|Any CPU = Debug|Any CPU
		Release|Any CPU = Release|Any CPU
	EndGlobalSection
	GlobalSection(ProjectConfigurationPlatforms) = postSolution
		{CA561B39-0D75-4A8D-88BF-95D8E89F2D8F}.Debug|Any CPU.ActiveCfg = Debug|Any CPU
		{CA561B39-0D75-4A8D-88BF-95D8E89F2D8F}.Debug|Any CPU.Build.0 = Debug|Any CPU
		{CA561B39-0D75-4A8D-88BF-95D8E89F2D8F}.Release|Any CPU.ActiveCfg = Release|Any CPU
		{CA561B39-0D75-4A8D-88BF-95D8E89F2D8F}.Release|Any CPU.Build.0 = Release|Any CPU
		{D5D7B39A-5809-42B8-80A6-AF3D30547158}.Debug|Any CPU.ActiveCfg = Debug|Any CPU
		{D5D7B39A-5809-42B8-80A6-AF3D30547158}.Debug|Any CPU.Build.0 = Debug|Any CPU
		{D5D7B39A-5809-42B8-80A6-AF3D30547158}.Release|Any CPU.ActiveCfg = Release|Any CPU
		{D5D7B39A-5809-42B8-80A6-AF3D30547158}.Release|Any CPU.Build.0 = Release|Any CPU
		{8C9831DD-62A8-438F-8996-007EFEE17881}.Debug|Any CPU.ActiveCfg = Debug|Any CPU
		{8C9831DD-62A8-438F-8996-007EFEE17881}.Debug|Any CPU.Build.0 = Debug|Any CPU
		{8C9831DD-62A8-438F-8996-007EFEE17881}.Release|Any CPU.ActiveCfg = Release|Any CPU
		{8C9831DD-62A8-438F-8996-007EFEE17881}.Release|Any CPU.Build.0 = Release|Any CPU
		{68A80994-AA83-4589-997C-E3BD72E8A927}.Debug|Any CPU.ActiveCfg = Debug|Any CPU
		{68A80994-AA83-4589-997C-E3BD72E8A927}.Debug|Any CPU.Build.0 = Debug|Any CPU
		{68A80994-AA83-4589-997C-E3BD72E8A927}.Release|Any CPU.ActiveCfg = Release|Any CPU
		{68A80994-AA83-4589-997C-E3BD72E8A927}.Release|Any CPU.Build.0 = Release|Any CPU
		{EC350595-3954-4B46-840B-1B4E5280927E}.Debug|Any CPU.ActiveCfg = Debug|Any CPU
		{EC350595-3954-4B46-840B-1B4E5280927E}.Debug|Any CPU.Build.0 = Debug|Any CPU
		{EC350595-3954-4B46-840B-1B4E5280927E}.Release|Any CPU.ActiveCfg = Release|Any CPU
		{EC350595-3954-4B46-840B-1B4E5280927E}.Release|Any CPU.Build.0 = Release|Any CPU
		{6AD83EA9-F5BC-4BB2-B7C4-09A142C7323C}.Debug|Any CPU.ActiveCfg = Debug|Any CPU
		{6AD83EA9-F5BC-4BB2-B7C4-09A142C7323C}.Debug|Any CPU.Build.0 = Debug|Any CPU
		{6AD83EA9-F5BC-4BB2-B7C4-09A142C7323C}.Release|Any CPU.ActiveCfg = Release|Any CPU
		{6AD83EA9-F5BC-4BB2-B7C4-09A142C7323C}.Release|Any CPU.Build.0 = Release|Any CPU
		{69D088AF-E492-4CC0-B52F-87B44CB21F33}.Debug|Any CPU.ActiveCfg = Debug|Any CPU
		{69D088AF-E492-4CC0-B52F-87B44CB21F33}.Debug|Any CPU.Build.0 = Debug|Any CPU
		{69D088AF-E492-4CC0-B52F-87B44CB21F33}.Release|Any CPU.ActiveCfg = Release|Any CPU
		{69D088AF-E492-4CC0-B52F-87B44CB21F33}.Release|Any CPU.Build.0 = Release|Any CPU
		{7C33AD04-B353-4B8F-975F-398A1A45059D}.Debug|Any CPU.ActiveCfg = Debug|Any CPU
		{7C33AD04-B353-4B8F-975F-398A1A45059D}.Debug|Any CPU.Build.0 = Debug|Any CPU
		{7C33AD04-B353-4B8F-975F-398A1A45059D}.Release|Any CPU.ActiveCfg = Release|Any CPU
		{7C33AD04-B353-4B8F-975F-398A1A45059D}.Release|Any CPU.Build.0 = Release|Any CPU
	EndGlobalSection
	GlobalSection(SolutionProperties) = preSolution
		HideSolutionNode = FALSE
	EndGlobalSection
	GlobalSection(ExtensibilityGlobals) = postSolution
		SolutionGuid = {23F3BBCD-2B5F-413D-9B04-66F6755DE6D7}
	EndGlobalSection
EndGlobal
