
Microsoft Visual Studio Solution File, Format Version 12.00
# Visual Studio Version 17
VisualStudioVersion = 17.0.32112.339
MinimumVisualStudioVersion = 10.0.40219.1
Project("{9A19103F-16F7-4668-BE54-9A1E7A4F7556}") = "BulkyBookWeb", "BulkyBookWeb\BulkyBookWeb.csproj", "{E4E0330A-2586-48E8-80E2-27016F8C4A36}"
EndProject
Project("{9A19103F-16F7-4668-BE54-9A1E7A4F7556}") = "eCommerceApp", "eCommerceApp\eCommerceApp.csproj", "{EB981FEE-7F8F-4715-B058-C82AAAF22463}"
EndProject
Project("{FAE04EC0-301F-11D3-BF4B-00C04F79EFBC}") = "eTickets", "eTickets\eTickets.csproj", "{8369B0BE-1D95-4D58-B520-862D3F1695B1}"
EndProject
Global
	GlobalSection(SolutionConfigurationPlatforms) = preSolution
		Debug|Any CPU = Debug|Any CPU
		Release|Any CPU = Release|Any CPU
	EndGlobalSection
	GlobalSection(ProjectConfigurationPlatforms) = postSolution
		{E4E0330A-2586-48E8-80E2-27016F8C4A36}.Debug|Any CPU.ActiveCfg = Debug|Any CPU
		{E4E0330A-2586-48E8-80E2-27016F8C4A36}.Debug|Any CPU.Build.0 = Debug|Any CPU
		{E4E0330A-2586-48E8-80E2-27016F8C4A36}.Release|Any CPU.ActiveCfg = Release|Any CPU
		{E4E0330A-2586-48E8-80E2-27016F8C4A36}.Release|Any CPU.Build.0 = Release|Any CPU
		{EB981FEE-7F8F-4715-B058-C82AAAF22463}.Debug|Any CPU.ActiveCfg = Debug|Any CPU
		{EB981FEE-7F8F-4715-B058-C82AAAF22463}.Debug|Any CPU.Build.0 = Debug|Any CPU
		{EB981FEE-7F8F-4715-B058-C82AAAF22463}.Release|Any CPU.ActiveCfg = Release|Any CPU
		{EB981FEE-7F8F-4715-B058-C82AAAF22463}.Release|Any CPU.Build.0 = Release|Any CPU
		{8369B0BE-1D95-4D58-B520-862D3F1695B1}.Debug|Any CPU.ActiveCfg = Debug|Any CPU
		{8369B0BE-1D95-4D58-B520-862D3F1695B1}.Debug|Any CPU.Build.0 = Debug|Any CPU
		{8369B0BE-1D95-4D58-B520-862D3F1695B1}.Release|Any CPU.ActiveCfg = Release|Any CPU
		{8369B0BE-1D95-4D58-B520-862D3F1695B1}.Release|Any CPU.Build.0 = Release|Any CPU
	EndGlobalSection
	GlobalSection(SolutionProperties) = preSolution
		HideSolutionNode = FALSE
	EndGlobalSection
	GlobalSection(ExtensibilityGlobals) = postSolution
		SolutionGuid = {23F3BBCD-2B5F-413D-9B04-66F6755DE6D7}
	EndGlobalSection
EndGlobal
